{
    "_readme": [
        "This file locks the dependencies of your project to a known state",
        "Read more about it at https://getcomposer.org/doc/01-basic-usage.md#installing-dependencies",
        "This file is @generated automatically"
    ],
    "content-hash": "59373193ec2fa921d108f4750b821941",
    "packages": [
        {
            "name": "indykoning/php-jsonl",
            "version": "1.0.1",
            "source": {
                "type": "git",
                "url": "https://github.com/indykoning/php-jsonl.git",
                "reference": "dd05bb3fe10a7857f622dc6310fbf514a089b831"
            },
            "dist": {
                "type": "zip",
                "url": "https://api.github.com/repos/indykoning/php-jsonl/zipball/dd05bb3fe10a7857f622dc6310fbf514a089b831",
                "reference": "dd05bb3fe10a7857f622dc6310fbf514a089b831",
                "shasum": ""
            },
            "require": {
                "php": "^8.1"
            },
            "require-dev": {
                "phpstan/phpstan": "^1.12",
                "phpunit/phpunit": "^11.3.5",
                "squizlabs/php_codesniffer": "^3.12"
            },
            "type": "library",
            "autoload": {
                "psr-4": {
                    "Indykoning\\Jsonl\\": "src"
                }
            },
            "notification-url": "https://packagist.org/downloads/",
            "license": [
                "MIT"
            ],
            "authors": [
                {
                    "name": "Indy Koning",
                    "homepage": "https://indykoning.nl",
                    "role": "Developer"
                }
            ],
            "description": "PHP JSONL library for fast JSON Lines parsing and writing.",
            "homepage": "https://github.com/indykoning/",
            "keywords": [
                "JSON Lines",
                "Line delimited JSON",
                "NDJSON",
                "Newline delimited JSON",
                "json",
                "jsonl",
                "jsonlines",
                "ldjson",
                "line-delimited JSON",
                "newline-delimited JSON",
                "php"
            ],
            "support": {
                "issues": "https://github.com/indykoning/php-jsonl/issues",
                "source": "https://github.com/indykoning/php-jsonl/tree/1.0.1"
            },
            "time": "2025-04-07T15:59:05+00:00"
        }
    ],
    "packages-dev": [],
    "aliases": [],
    "minimum-stability": "stable",
    "stability-flags": {},
    "prefer-stable": false,
    "prefer-lowest": false,
    "platform": {},
    "platform-dev": {},
    "plugin-api-version": "2.6.0"
}
